// !$*UTF8*$!
{
	archiveVersion = 1;
	classes = {
	};
	objectVersion = 51;
	objects = {

/* Begin PBXBuildFile section */
		1112CAB9213970EA00BB9406 /* StringExtensions.swift in Sources */ = {isa = PBXBuildFile; fileRef = 1112CAB8213970EA00BB9406 /* StringExtensions.swift */; };
		13BD3C7C232B7D71005FF100 /* HttpRouter.swift in Sources */ = {isa = PBXBuildFile; fileRef = 13BD3C7B232B7D71005FF100 /* HttpRouter.swift */; };
		13BD3C7F232B94A3005FF100 /* CoreDataStack.swift in Sources */ = {isa = PBXBuildFile; fileRef = 13BD3C7E232B94A3005FF100 /* CoreDataStack.swift */; };
		13BD3C81232B96DB005FF100 /* ManagedObjectProtocol.swift in Sources */ = {isa = PBXBuildFile; fileRef = 13BD3C80232B96DB005FF100 /* ManagedObjectProtocol.swift */; };
		13BD3C8A232B9F03005FF100 /* Cities.swift in Sources */ = {isa = PBXBuildFile; fileRef = 13BD3C88232B9F03005FF100 /* Cities.swift */; };
		13BD3C8B232B9F03005FF100 /* Cities+CoreDataProperties.swift in Sources */ = {isa = PBXBuildFile; fileRef = 13BD3C89232B9F03005FF100 /* Cities+CoreDataProperties.swift */; };
		13F16839232A133200CADDE4 /* CityHttpRouter.swift in Sources */ = {isa = PBXBuildFile; fileRef = 13F16836232A133200CADDE4 /* CityHttpRouter.swift */; };
		13F1683A232A133200CADDE4 /* NetworkManager.swift in Sources */ = {isa = PBXBuildFile; fileRef = 13F16837232A133200CADDE4 /* NetworkManager.swift */; };
		13F1683B232A133200CADDE4 /* Configuration.swift in Sources */ = {isa = PBXBuildFile; fileRef = 13F16838232A133200CADDE4 /* Configuration.swift */; };
		13F1683F232A16B900CADDE4 /* CityProvider.swift in Sources */ = {isa = PBXBuildFile; fileRef = 13F1683C232A16B800CADDE4 /* CityProvider.swift */; };
		13F16841232A16B900CADDE4 /* CityView.swift in Sources */ = {isa = PBXBuildFile; fileRef = 13F1683E232A16B900CADDE4 /* CityView.swift */; };
		1589227572C5056D2F706C8C /* Pods_CityFinderAppTests.framework in Frameworks */ = {isa = PBXBuildFile; fileRef = 702E9E4BE69FCEBB3EC85162 /* Pods_CityFinderAppTests.framework */; };
		1BD93829A05A2051D0ACF112 /* Pods_CityFinderAppUITests.framework in Frameworks */ = {isa = PBXBuildFile; fileRef = 1D859EAAC1A45800066C99CC /* Pods_CityFinderAppUITests.framework */; };
		769091294F11A110EE32F8A4 /* Pods_CityFinderApp.framework in Frameworks */ = {isa = PBXBuildFile; fileRef = 8FF5F4AEB3037FBAD602354B /* Pods_CityFinderApp.framework */; };
		BC3B4ECB2137515C002D1829 /* CityItemPresenter.swift in Sources */ = {isa = PBXBuildFile; fileRef = BC3B4ECA2137515C002D1829 /* CityItemPresenter.swift */; };
		BC62E90E2136A0EC00B1BD0C /* AppDelegate.swift in Sources */ = {isa = PBXBuildFile; fileRef = BC62E90D2136A0EC00B1BD0C /* AppDelegate.swift */; };
		BC62E9132136A0EC00B1BD0C /* Main.storyboard in Resources */ = {isa = PBXBuildFile; fileRef = BC62E9112136A0EC00B1BD0C /* Main.storyboard */; };
		BC62E9162136A0EC00B1BD0C /* Cities.xcdatamodeld in Sources */ = {isa = PBXBuildFile; fileRef = BC62E9142136A0EC00B1BD0C /* Cities.xcdatamodeld */; };
		BC62E9182136A0EE00B1BD0C /* Assets.xcassets in Resources */ = {isa = PBXBuildFile; fileRef = BC62E9172136A0EE00B1BD0C /* Assets.xcassets */; };
		BC62E91B2136A0EE00B1BD0C /* LaunchScreen.storyboard in Resources */ = {isa = PBXBuildFile; fileRef = BC62E9192136A0EE00B1BD0C /* LaunchScreen.storyboard */; };
		BC62E9262136A0EE00B1BD0C /* CitiesTests.swift in Sources */ = {isa = PBXBuildFile; fileRef = BC62E9252136A0EE00B1BD0C /* CitiesTests.swift */; };
		BC62E9312136A0EE00B1BD0C /* CitiesUITests.swift in Sources */ = {isa = PBXBuildFile; fileRef = BC62E9302136A0EE00B1BD0C /* CitiesUITests.swift */; };
		BC62E9582136A62B00B1BD0C /* CityCell.swift in Sources */ = {isa = PBXBuildFile; fileRef = BC62E9572136A62B00B1BD0C /* CityCell.swift */; };
		BC62E95A2136A6EF00B1BD0C /* CityListViewController.swift in Sources */ = {isa = PBXBuildFile; fileRef = BC62E9592136A6EF00B1BD0C /* CityListViewController.swift */; };
		BCA9ED3A2137250D00DBF5B5 /* AppUtility.swift in Sources */ = {isa = PBXBuildFile; fileRef = BCA9ED392137250D00DBF5B5 /* AppUtility.swift */; };
/* End PBXBuildFile section */

/* Begin PBXContainerItemProxy section */
		BC62E9222136A0EE00B1BD0C /* PBXContainerItemProxy */ = {
			isa = PBXContainerItemProxy;
			containerPortal = BC62E9022136A0EC00B1BD0C /* Project object */;
			proxyType = 1;
			remoteGlobalIDString = BC62E9092136A0EC00B1BD0C;
			remoteInfo = Cities;
		};
		BC62E92D2136A0EE00B1BD0C /* PBXContainerItemProxy */ = {
			isa = PBXContainerItemProxy;
			containerPortal = BC62E9022136A0EC00B1BD0C /* Project object */;
			proxyType = 1;
			remoteGlobalIDString = BC62E9092136A0EC00B1BD0C;
			remoteInfo = Cities;
		};
/* End PBXContainerItemProxy section */

/* Begin PBXFileReference section */
		1112CAB8213970EA00BB9406 /* StringExtensions.swift */ = {isa = PBXFileReference; fileEncoding = 4; lastKnownFileType = sourcecode.swift; path = StringExtensions.swift; sourceTree = "<group>"; };
		13BD3C7B232B7D71005FF100 /* HttpRouter.swift */ = {isa = PBXFileReference; lastKnownFileType = sourcecode.swift; path = HttpRouter.swift; sourceTree = "<group>"; };
		13BD3C7E232B94A3005FF100 /* CoreDataStack.swift */ = {isa = PBXFileReference; lastKnownFileType = sourcecode.swift; path = CoreDataStack.swift; sourceTree = "<group>"; };
		13BD3C80232B96DB005FF100 /* ManagedObjectProtocol.swift */ = {isa = PBXFileReference; lastKnownFileType = sourcecode.swift; path = ManagedObjectProtocol.swift; sourceTree = "<group>"; };
		13BD3C88232B9F03005FF100 /* Cities.swift */ = {isa = PBXFileReference; lastKnownFileType = sourcecode.swift; path = Cities.swift; sourceTree = "<group>"; };
		13BD3C89232B9F03005FF100 /* Cities+CoreDataProperties.swift */ = {isa = PBXFileReference; lastKnownFileType = sourcecode.swift; path = "Cities+CoreDataProperties.swift"; sourceTree = "<group>"; };
		13F16836232A133200CADDE4 /* CityHttpRouter.swift */ = {isa = PBXFileReference; fileEncoding = 4; lastKnownFileType = sourcecode.swift; path = CityHttpRouter.swift; sourceTree = "<group>"; };
		13F16837232A133200CADDE4 /* NetworkManager.swift */ = {isa = PBXFileReference; fileEncoding = 4; lastKnownFileType = sourcecode.swift; path = NetworkManager.swift; sourceTree = "<group>"; };
		13F16838232A133200CADDE4 /* Configuration.swift */ = {isa = PBXFileReference; fileEncoding = 4; lastKnownFileType = sourcecode.swift; path = Configuration.swift; sourceTree = "<group>"; };
		13F1683C232A16B800CADDE4 /* CityProvider.swift */ = {isa = PBXFileReference; fileEncoding = 4; lastKnownFileType = sourcecode.swift; path = CityProvider.swift; sourceTree = "<group>"; };
		13F1683E232A16B900CADDE4 /* CityView.swift */ = {isa = PBXFileReference; fileEncoding = 4; lastKnownFileType = sourcecode.swift; path = CityView.swift; sourceTree = "<group>"; };
		1D859EAAC1A45800066C99CC /* Pods_CityFinderAppUITests.framework */ = {isa = PBXFileReference; explicitFileType = wrapper.framework; includeInIndex = 0; path = Pods_CityFinderAppUITests.framework; sourceTree = BUILT_PRODUCTS_DIR; };
		2312981A5744CE29B30C9DE1 /* Pods-CityFinderApp.release.xcconfig */ = {isa = PBXFileReference; includeInIndex = 1; lastKnownFileType = text.xcconfig; name = "Pods-CityFinderApp.release.xcconfig"; path = "Pods/Target Support Files/Pods-CityFinderApp/Pods-CityFinderApp.release.xcconfig"; sourceTree = "<group>"; };
		702E9E4BE69FCEBB3EC85162 /* Pods_CityFinderAppTests.framework */ = {isa = PBXFileReference; explicitFileType = wrapper.framework; includeInIndex = 0; path = Pods_CityFinderAppTests.framework; sourceTree = BUILT_PRODUCTS_DIR; };
		7D5EE86EBD6DDC6560602D74 /* Pods-CityFinderAppTests.debug.xcconfig */ = {isa = PBXFileReference; includeInIndex = 1; lastKnownFileType = text.xcconfig; name = "Pods-CityFinderAppTests.debug.xcconfig"; path = "Pods/Target Support Files/Pods-CityFinderAppTests/Pods-CityFinderAppTests.debug.xcconfig"; sourceTree = "<group>"; };
		7E38244BF7056DED8645378D /* Pods-CityFinderAppUITests.debug.xcconfig */ = {isa = PBXFileReference; includeInIndex = 1; lastKnownFileType = text.xcconfig; name = "Pods-CityFinderAppUITests.debug.xcconfig"; path = "Pods/Target Support Files/Pods-CityFinderAppUITests/Pods-CityFinderAppUITests.debug.xcconfig"; sourceTree = "<group>"; };
		8C22FCB76C4E9364C52962C0 /* Pods-CityFinderAppTests.release.xcconfig */ = {isa = PBXFileReference; includeInIndex = 1; lastKnownFileType = text.xcconfig; name = "Pods-CityFinderAppTests.release.xcconfig"; path = "Pods/Target Support Files/Pods-CityFinderAppTests/Pods-CityFinderAppTests.release.xcconfig"; sourceTree = "<group>"; };
		8FF5F4AEB3037FBAD602354B /* Pods_CityFinderApp.framework */ = {isa = PBXFileReference; explicitFileType = wrapper.framework; includeInIndex = 0; path = Pods_CityFinderApp.framework; sourceTree = BUILT_PRODUCTS_DIR; };
		BC3B4ECA2137515C002D1829 /* CityItemPresenter.swift */ = {isa = PBXFileReference; lastKnownFileType = sourcecode.swift; path = CityItemPresenter.swift; sourceTree = "<group>"; };
		BC62E90A2136A0EC00B1BD0C /* CityFinderApp.app */ = {isa = PBXFileReference; explicitFileType = wrapper.application; includeInIndex = 0; path = CityFinderApp.app; sourceTree = BUILT_PRODUCTS_DIR; };
		BC62E90D2136A0EC00B1BD0C /* AppDelegate.swift */ = {isa = PBXFileReference; lastKnownFileType = sourcecode.swift; path = AppDelegate.swift; sourceTree = "<group>"; };
		BC62E9122136A0EC00B1BD0C /* Base */ = {isa = PBXFileReference; lastKnownFileType = file.storyboard; name = Base; path = Base.lproj/Main.storyboard; sourceTree = "<group>"; };
		BC62E9152136A0EC00B1BD0C /* Cities.xcdatamodel */ = {isa = PBXFileReference; lastKnownFileType = wrapper.xcdatamodel; path = Cities.xcdatamodel; sourceTree = "<group>"; };
		BC62E9172136A0EE00B1BD0C /* Assets.xcassets */ = {isa = PBXFileReference; lastKnownFileType = folder.assetcatalog; path = Assets.xcassets; sourceTree = "<group>"; };
		BC62E91A2136A0EE00B1BD0C /* Base */ = {isa = PBXFileReference; lastKnownFileType = file.storyboard; name = Base; path = Base.lproj/LaunchScreen.storyboard; sourceTree = "<group>"; };
		BC62E91C2136A0EE00B1BD0C /* Info.plist */ = {isa = PBXFileReference; lastKnownFileType = text.plist.xml; path = Info.plist; sourceTree = "<group>"; };
		BC62E9212136A0EE00B1BD0C /* CityFinderAppTests.xctest */ = {isa = PBXFileReference; explicitFileType = wrapper.cfbundle; includeInIndex = 0; path = CityFinderAppTests.xctest; sourceTree = BUILT_PRODUCTS_DIR; };
		BC62E9252136A0EE00B1BD0C /* CitiesTests.swift */ = {isa = PBXFileReference; lastKnownFileType = sourcecode.swift; path = CitiesTests.swift; sourceTree = "<group>"; };
		BC62E9272136A0EE00B1BD0C /* Info.plist */ = {isa = PBXFileReference; lastKnownFileType = text.plist.xml; path = Info.plist; sourceTree = "<group>"; };
		BC62E92C2136A0EE00B1BD0C /* CityFinderAppUITests.xctest */ = {isa = PBXFileReference; explicitFileType = wrapper.cfbundle; includeInIndex = 0; path = CityFinderAppUITests.xctest; sourceTree = BUILT_PRODUCTS_DIR; };
		BC62E9302136A0EE00B1BD0C /* CitiesUITests.swift */ = {isa = PBXFileReference; lastKnownFileType = sourcecode.swift; path = CitiesUITests.swift; sourceTree = "<group>"; };
		BC62E9322136A0EE00B1BD0C /* Info.plist */ = {isa = PBXFileReference; lastKnownFileType = text.plist.xml; path = Info.plist; sourceTree = "<group>"; };
		BC62E9572136A62B00B1BD0C /* CityCell.swift */ = {isa = PBXFileReference; lastKnownFileType = sourcecode.swift; path = CityCell.swift; sourceTree = "<group>"; };
		BC62E9592136A6EF00B1BD0C /* CityListViewController.swift */ = {isa = PBXFileReference; lastKnownFileType = sourcecode.swift; path = CityListViewController.swift; sourceTree = "<group>"; };
		BCA9ED392137250D00DBF5B5 /* AppUtility.swift */ = {isa = PBXFileReference; fileEncoding = 4; lastKnownFileType = sourcecode.swift; path = AppUtility.swift; sourceTree = "<group>"; };
		ED1BE66CAACAD3A98B609233 /* Pods-CityFinderApp.debug.xcconfig */ = {isa = PBXFileReference; includeInIndex = 1; lastKnownFileType = text.xcconfig; name = "Pods-CityFinderApp.debug.xcconfig"; path = "Pods/Target Support Files/Pods-CityFinderApp/Pods-CityFinderApp.debug.xcconfig"; sourceTree = "<group>"; };
		F137F85FBB94208804D2CC93 /* Pods-CityFinderAppUITests.release.xcconfig */ = {isa = PBXFileReference; includeInIndex = 1; lastKnownFileType = text.xcconfig; name = "Pods-CityFinderAppUITests.release.xcconfig"; path = "Pods/Target Support Files/Pods-CityFinderAppUITests/Pods-CityFinderAppUITests.release.xcconfig"; sourceTree = "<group>"; };
/* End PBXFileReference section */

/* Begin PBXFrameworksBuildPhase section */
		BC62E9072136A0EC00B1BD0C /* Frameworks */ = {
			isa = PBXFrameworksBuildPhase;
			buildActionMask = 2147483647;
			files = (
				769091294F11A110EE32F8A4 /* Pods_CityFinderApp.framework in Frameworks */,
			);
			runOnlyForDeploymentPostprocessing = 0;
		};
		BC62E91E2136A0EE00B1BD0C /* Frameworks */ = {
			isa = PBXFrameworksBuildPhase;
			buildActionMask = 2147483647;
			files = (
				1589227572C5056D2F706C8C /* Pods_CityFinderAppTests.framework in Frameworks */,
			);
			runOnlyForDeploymentPostprocessing = 0;
		};
		BC62E9292136A0EE00B1BD0C /* Frameworks */ = {
			isa = PBXFrameworksBuildPhase;
			buildActionMask = 2147483647;
			files = (
				1BD93829A05A2051D0ACF112 /* Pods_CityFinderAppUITests.framework in Frameworks */,
			);
			runOnlyForDeploymentPostprocessing = 0;
		};
/* End PBXFrameworksBuildPhase section */

/* Begin PBXGroup section */
		1112CABA2139771400BB9406 /* CityList */ = {
			isa = PBXGroup;
			children = (
				BC3B4ECA2137515C002D1829 /* CityItemPresenter.swift */,
				13F1683C232A16B800CADDE4 /* CityProvider.swift */,
				13F1683E232A16B900CADDE4 /* CityView.swift */,
				BC62E9592136A6EF00B1BD0C /* CityListViewController.swift */,
			);
			path = CityList;
			sourceTree = "<group>";
		};
		13BD3C7A232B7CFC005FF100 /* Protocol */ = {
			isa = PBXGroup;
			children = (
				13BD3C7B232B7D71005FF100 /* HttpRouter.swift */,
			);
			path = Protocol;
			sourceTree = "<group>";
		};
		13BD3C7D232B948F005FF100 /* CoreData */ = {
			isa = PBXGroup;
			children = (
				13BD3C7E232B94A3005FF100 /* CoreDataStack.swift */,
				13BD3C80232B96DB005FF100 /* ManagedObjectProtocol.swift */,
			);
			path = CoreData;
			sourceTree = "<group>";
		};
		13F16835232A133200CADDE4 /* Network */ = {
			isa = PBXGroup;
			children = (
				13BD3C7A232B7CFC005FF100 /* Protocol */,
				13F16836232A133200CADDE4 /* CityHttpRouter.swift */,
				13F16837232A133200CADDE4 /* NetworkManager.swift */,
				13F16838232A133200CADDE4 /* Configuration.swift */,
			);
			path = Network;
			sourceTree = "<group>";
		};
		52547F7662F34B68F2BF5E51 /* Frameworks */ = {
			isa = PBXGroup;
			children = (
				8FF5F4AEB3037FBAD602354B /* Pods_CityFinderApp.framework */,
				702E9E4BE69FCEBB3EC85162 /* Pods_CityFinderAppTests.framework */,
				1D859EAAC1A45800066C99CC /* Pods_CityFinderAppUITests.framework */,
			);
			name = Frameworks;
			sourceTree = "<group>";
		};
		9C12158837EA5B9556D6FB4E /* Pods */ = {
			isa = PBXGroup;
			children = (
				ED1BE66CAACAD3A98B609233 /* Pods-CityFinderApp.debug.xcconfig */,
				2312981A5744CE29B30C9DE1 /* Pods-CityFinderApp.release.xcconfig */,
				7D5EE86EBD6DDC6560602D74 /* Pods-CityFinderAppTests.debug.xcconfig */,
				8C22FCB76C4E9364C52962C0 /* Pods-CityFinderAppTests.release.xcconfig */,
				7E38244BF7056DED8645378D /* Pods-CityFinderAppUITests.debug.xcconfig */,
				F137F85FBB94208804D2CC93 /* Pods-CityFinderAppUITests.release.xcconfig */,
			);
			name = Pods;
			sourceTree = "<group>";
		};
		BC62E9012136A0EC00B1BD0C = {
			isa = PBXGroup;
			children = (
				BC62E90C2136A0EC00B1BD0C /* CityFinderApp */,
				BC62E9242136A0EE00B1BD0C /* CityFinderAppTests */,
				BC62E92F2136A0EE00B1BD0C /* CityFinderAppUITests */,
				BC62E90B2136A0EC00B1BD0C /* Products */,
				9C12158837EA5B9556D6FB4E /* Pods */,
				52547F7662F34B68F2BF5E51 /* Frameworks */,
			);
			sourceTree = "<group>";
		};
		BC62E90B2136A0EC00B1BD0C /* Products */ = {
			isa = PBXGroup;
			children = (
				BC62E90A2136A0EC00B1BD0C /* CityFinderApp.app */,
				BC62E9212136A0EE00B1BD0C /* CityFinderAppTests.xctest */,
				BC62E92C2136A0EE00B1BD0C /* CityFinderAppUITests.xctest */,
			);
			name = Products;
			sourceTree = "<group>";
		};
		BC62E90C2136A0EC00B1BD0C /* CityFinderApp */ = {
			isa = PBXGroup;
			children = (
				BC62E90D2136A0EC00B1BD0C /* AppDelegate.swift */,
				13BD3C7D232B948F005FF100 /* CoreData */,
				13F16835232A133200CADDE4 /* Network */,
				BC62E93E2136A25600B1BD0C /* Extentions */,
				BC62E9442136A25600B1BD0C /* Model */,
				BC62E9472136A25600B1BD0C /* Cells */,
				BC62E94A2136A25700B1BD0C /* ViewController */,
				BC62E9462136A25600B1BD0C /* Views */,
				BC62E9172136A0EE00B1BD0C /* Assets.xcassets */,
				BC62E91C2136A0EE00B1BD0C /* Info.plist */,
				BC62E9142136A0EC00B1BD0C /* Cities.xcdatamodeld */,
			);
			path = CityFinderApp;
			sourceTree = "<group>";
		};
		BC62E9242136A0EE00B1BD0C /* CityFinderAppTests */ = {
			isa = PBXGroup;
			children = (
				BC62E9252136A0EE00B1BD0C /* CitiesTests.swift */,
				BC62E9272136A0EE00B1BD0C /* Info.plist */,
			);
			path = CityFinderAppTests;
			sourceTree = "<group>";
		};
		BC62E92F2136A0EE00B1BD0C /* CityFinderAppUITests */ = {
			isa = PBXGroup;
			children = (
				BC62E9302136A0EE00B1BD0C /* CitiesUITests.swift */,
				BC62E9322136A0EE00B1BD0C /* Info.plist */,
			);
			path = CityFinderAppUITests;
			sourceTree = "<group>";
		};
		BC62E93E2136A25600B1BD0C /* Extentions */ = {
			isa = PBXGroup;
			children = (
				BCA9ED392137250D00DBF5B5 /* AppUtility.swift */,
				1112CAB8213970EA00BB9406 /* StringExtensions.swift */,
			);
			path = Extentions;
			sourceTree = "<group>";
		};
		BC62E9442136A25600B1BD0C /* Model */ = {
			isa = PBXGroup;
			children = (
				13BD3C88232B9F03005FF100 /* Cities.swift */,
				13BD3C89232B9F03005FF100 /* Cities+CoreDataProperties.swift */,
			);
			path = Model;
			sourceTree = "<group>";
		};
		BC62E9462136A25600B1BD0C /* Views */ = {
			isa = PBXGroup;
			children = (
				BC62E9112136A0EC00B1BD0C /* Main.storyboard */,
				BC62E9192136A0EE00B1BD0C /* LaunchScreen.storyboard */,
			);
			path = Views;
			sourceTree = "<group>";
		};
		BC62E9472136A25600B1BD0C /* Cells */ = {
			isa = PBXGroup;
			children = (
				BC62E9572136A62B00B1BD0C /* CityCell.swift */,
			);
			path = Cells;
			sourceTree = "<group>";
		};
		BC62E94A2136A25700B1BD0C /* ViewController */ = {
			isa = PBXGroup;
			children = (
				1112CABA2139771400BB9406 /* CityList */,
			);
			path = ViewController;
			sourceTree = "<group>";
		};
/* End PBXGroup section */

/* Begin PBXNativeTarget section */
		BC62E9092136A0EC00B1BD0C /* CityFinderApp */ = {
			isa = PBXNativeTarget;
			buildConfigurationList = BC62E9352136A0EE00B1BD0C /* Build configuration list for PBXNativeTarget "CityFinderApp" */;
			buildPhases = (
				52F45C9C5D3605226835BEC4 /* [CP] Check Pods Manifest.lock */,
				BC62E9062136A0EC00B1BD0C /* Sources */,
				BC62E9072136A0EC00B1BD0C /* Frameworks */,
				BC62E9082136A0EC00B1BD0C /* Resources */,
				9A83EC68FAEB8542CE26D104 /* [CP] Embed Pods Frameworks */,
			);
			buildRules = (
			);
			dependencies = (
			);
			name = CityFinderApp;
			productName = Cities;
			productReference = BC62E90A2136A0EC00B1BD0C /* CityFinderApp.app */;
			productType = "com.apple.product-type.application";
		};
		BC62E9202136A0EE00B1BD0C /* CityFinderAppTests */ = {
			isa = PBXNativeTarget;
			buildConfigurationList = BC62E9382136A0EE00B1BD0C /* Build configuration list for PBXNativeTarget "CityFinderAppTests" */;
			buildPhases = (
				C2287803FA83A0E3EAE76126 /* [CP] Check Pods Manifest.lock */,
				BC62E91D2136A0EE00B1BD0C /* Sources */,
				BC62E91E2136A0EE00B1BD0C /* Frameworks */,
				BC62E91F2136A0EE00B1BD0C /* Resources */,
			);
			buildRules = (
			);
			dependencies = (
				BC62E9232136A0EE00B1BD0C /* PBXTargetDependency */,
			);
			name = CityFinderAppTests;
			productName = CitiesTests;
			productReference = BC62E9212136A0EE00B1BD0C /* CityFinderAppTests.xctest */;
			productType = "com.apple.product-type.bundle.unit-test";
		};
		BC62E92B2136A0EE00B1BD0C /* CityFinderAppUITests */ = {
			isa = PBXNativeTarget;
			buildConfigurationList = BC62E93B2136A0EE00B1BD0C /* Build configuration list for PBXNativeTarget "CityFinderAppUITests" */;
			buildPhases = (
				8C05BCFF54C28A6025472FC6 /* [CP] Check Pods Manifest.lock */,
				BC62E9282136A0EE00B1BD0C /* Sources */,
				BC62E9292136A0EE00B1BD0C /* Frameworks */,
				BC62E92A2136A0EE00B1BD0C /* Resources */,
			);
			buildRules = (
			);
			dependencies = (
				BC62E92E2136A0EE00B1BD0C /* PBXTargetDependency */,
			);
			name = CityFinderAppUITests;
			productName = CitiesUITests;
			productReference = BC62E92C2136A0EE00B1BD0C /* CityFinderAppUITests.xctest */;
			productType = "com.apple.product-type.bundle.ui-testing";
		};
/* End PBXNativeTarget section */

/* Begin PBXProject section */
		BC62E9022136A0EC00B1BD0C /* Project object */ = {
			isa = PBXProject;
			attributes = {
				LastSwiftUpdateCheck = 0930;
				LastUpgradeCheck = 0930;
				ORGANIZATIONNAME = Mahavir;
				TargetAttributes = {
					BC62E9092136A0EC00B1BD0C = {
						CreatedOnToolsVersion = 9.3;
					};
					BC62E9202136A0EE00B1BD0C = {
						CreatedOnToolsVersion = 9.3;
						TestTargetID = BC62E9092136A0EC00B1BD0C;
					};
					BC62E92B2136A0EE00B1BD0C = {
						CreatedOnToolsVersion = 9.3;
						TestTargetID = BC62E9092136A0EC00B1BD0C;
					};
				};
			};
			buildConfigurationList = BC62E9052136A0EC00B1BD0C /* Build configuration list for PBXProject "CityFinderApp" */;
			compatibilityVersion = "Xcode 9.3";
			developmentRegion = en;
			hasScannedForEncodings = 0;
			knownRegions = (
				en,
				Base,
			);
			mainGroup = BC62E9012136A0EC00B1BD0C;
			productRefGroup = BC62E90B2136A0EC00B1BD0C /* Products */;
			projectDirPath = "";
			projectRoot = "";
			targets = (
				BC62E9092136A0EC00B1BD0C /* CityFinderApp */,
				BC62E9202136A0EE00B1BD0C /* CityFinderAppTests */,
				BC62E92B2136A0EE00B1BD0C /* CityFinderAppUITests */,
			);
		};
/* End PBXProject section */

/* Begin PBXResourcesBuildPhase section */
		BC62E9082136A0EC00B1BD0C /* Resources */ = {
			isa = PBXResourcesBuildPhase;
			buildActionMask = 2147483647;
			files = (
				BC62E91B2136A0EE00B1BD0C /* LaunchScreen.storyboard in Resources */,
				BC62E9182136A0EE00B1BD0C /* Assets.xcassets in Resources */,
				BC62E9132136A0EC00B1BD0C /* Main.storyboard in Resources */,
			);
			runOnlyForDeploymentPostprocessing = 0;
		};
		BC62E91F2136A0EE00B1BD0C /* Resources */ = {
			isa = PBXResourcesBuildPhase;
			buildActionMask = 2147483647;
			files = (
			);
			runOnlyForDeploymentPostprocessing = 0;
		};
		BC62E92A2136A0EE00B1BD0C /* Resources */ = {
			isa = PBXResourcesBuildPhase;
			buildActionMask = 2147483647;
			files = (
			);
			runOnlyForDeploymentPostprocessing = 0;
		};
/* End PBXResourcesBuildPhase section */

/* Begin PBXShellScriptBuildPhase section */
		52F45C9C5D3605226835BEC4 /* [CP] Check Pods Manifest.lock */ = {
			isa = PBXShellScriptBuildPhase;
			buildActionMask = 2147483647;
			files = (
			);
			inputPaths = (
				"${PODS_PODFILE_DIR_PATH}/Podfile.lock",
				"${PODS_ROOT}/Manifest.lock",
			);
			name = "[CP] Check Pods Manifest.lock";
			outputPaths = (
				"$(DERIVED_FILE_DIR)/Pods-CityFinderApp-checkManifestLockResult.txt",
			);
			runOnlyForDeploymentPostprocessing = 0;
			shellPath = /bin/sh;
			shellScript = "diff \"${PODS_PODFILE_DIR_PATH}/Podfile.lock\" \"${PODS_ROOT}/Manifest.lock\" > /dev/null\nif [ $? != 0 ] ; then\n    # print error to STDERR\n    echo \"error: The sandbox is not in sync with the Podfile.lock. Run 'pod install' or update your CocoaPods installation.\" >&2\n    exit 1\nfi\n# This output is used by Xcode 'outputs' to avoid re-running this script phase.\necho \"SUCCESS\" > \"${SCRIPT_OUTPUT_FILE_0}\"\n";
			showEnvVarsInLog = 0;
		};
		8C05BCFF54C28A6025472FC6 /* [CP] Check Pods Manifest.lock */ = {
			isa = PBXShellScriptBuildPhase;
			buildActionMask = 2147483647;
			files = (
			);
			inputPaths = (
				"${PODS_PODFILE_DIR_PATH}/Podfile.lock",
				"${PODS_ROOT}/Manifest.lock",
			);
			name = "[CP] Check Pods Manifest.lock";
			outputPaths = (
				"$(DERIVED_FILE_DIR)/Pods-CityFinderAppUITests-checkManifestLockResult.txt",
			);
			runOnlyForDeploymentPostprocessing = 0;
			shellPath = /bin/sh;
			shellScript = "diff \"${PODS_PODFILE_DIR_PATH}/Podfile.lock\" \"${PODS_ROOT}/Manifest.lock\" > /dev/null\nif [ $? != 0 ] ; then\n    # print error to STDERR\n    echo \"error: The sandbox is not in sync with the Podfile.lock. Run 'pod install' or update your CocoaPods installation.\" >&2\n    exit 1\nfi\n# This output is used by Xcode 'outputs' to avoid re-running this script phase.\necho \"SUCCESS\" > \"${SCRIPT_OUTPUT_FILE_0}\"\n";
			showEnvVarsInLog = 0;
		};
		9A83EC68FAEB8542CE26D104 /* [CP] Embed Pods Frameworks */ = {
			isa = PBXShellScriptBuildPhase;
			buildActionMask = 2147483647;
			files = (
			);
			inputFileListPaths = (
				"${PODS_ROOT}/Target Support Files/Pods-CityFinderApp/Pods-CityFinderApp-frameworks-${CONFIGURATION}-input-files.xcfilelist",
			);
			name = "[CP] Embed Pods Frameworks";
			outputFileListPaths = (
				"${PODS_ROOT}/Target Support Files/Pods-CityFinderApp/Pods-CityFinderApp-frameworks-${CONFIGURATION}-output-files.xcfilelist",
			);
			runOnlyForDeploymentPostprocessing = 0;
			shellPath = /bin/sh;
			shellScript = "\"${PODS_ROOT}/Target Support Files/Pods-CityFinderApp/Pods-CityFinderApp-frameworks.sh\"\n";
			showEnvVarsInLog = 0;
		};
		C2287803FA83A0E3EAE76126 /* [CP] Check Pods Manifest.lock */ = {
			isa = PBXShellScriptBuildPhase;
			buildActionMask = 2147483647;
			files = (
			);
			inputPaths = (
				"${PODS_PODFILE_DIR_PATH}/Podfile.lock",
				"${PODS_ROOT}/Manifest.lock",
			);
			name = "[CP] Check Pods Manifest.lock";
			outputPaths = (
				"$(DERIVED_FILE_DIR)/Pods-CityFinderAppTests-checkManifestLockResult.txt",
			);
			runOnlyForDeploymentPostprocessing = 0;
			shellPath = /bin/sh;
			shellScript = "diff \"${PODS_PODFILE_DIR_PATH}/Podfile.lock\" \"${PODS_ROOT}/Manifest.lock\" > /dev/null\nif [ $? != 0 ] ; then\n    # print error to STDERR\n    echo \"error: The sandbox is not in sync with the Podfile.lock. Run 'pod install' or update your CocoaPods installation.\" >&2\n    exit 1\nfi\n# This output is used by Xcode 'outputs' to avoid re-running this script phase.\necho \"SUCCESS\" > \"${SCRIPT_OUTPUT_FILE_0}\"\n";
			showEnvVarsInLog = 0;
		};
/* End PBXShellScriptBuildPhase section */

/* Begin PBXSourcesBuildPhase section */
		BC62E9062136A0EC00B1BD0C /* Sources */ = {
			isa = PBXSourcesBuildPhase;
			buildActionMask = 2147483647;
			files = (
				13F1683F232A16B900CADDE4 /* CityProvider.swift in Sources */,
				BC62E9582136A62B00B1BD0C /* CityCell.swift in Sources */,
				13BD3C8B232B9F03005FF100 /* Cities+CoreDataProperties.swift in Sources */,
				13BD3C7C232B7D71005FF100 /* HttpRouter.swift in Sources */,
				BC62E9162136A0EC00B1BD0C /* Cities.xcdatamodeld in Sources */,
				BC62E90E2136A0EC00B1BD0C /* AppDelegate.swift in Sources */,
				BC62E95A2136A6EF00B1BD0C /* CityListViewController.swift in Sources */,
				13BD3C7F232B94A3005FF100 /* CoreDataStack.swift in Sources */,
				13F1683B232A133200CADDE4 /* Configuration.swift in Sources */,
				BC3B4ECB2137515C002D1829 /* CityItemPresenter.swift in Sources */,
				13F16841232A16B900CADDE4 /* CityView.swift in Sources */,
				BCA9ED3A2137250D00DBF5B5 /* AppUtility.swift in Sources */,
				13F16839232A133200CADDE4 /* CityHttpRouter.swift in Sources */,
				13BD3C8A232B9F03005FF100 /* Cities.swift in Sources */,
				13BD3C81232B96DB005FF100 /* ManagedObjectProtocol.swift in Sources */,
				13F1683A232A133200CADDE4 /* NetworkManager.swift in Sources */,
				1112CAB9213970EA00BB9406 /* StringExtensions.swift in Sources */,
			);
			runOnlyForDeploymentPostprocessing = 0;
		};
		BC62E91D2136A0EE00B1BD0C /* Sources */ = {
			isa = PBXSourcesBuildPhase;
			buildActionMask = 2147483647;
			files = (
				BC62E9262136A0EE00B1BD0C /* CitiesTests.swift in Sources */,
			);
			runOnlyForDeploymentPostprocessing = 0;
		};
		BC62E9282136A0EE00B1BD0C /* Sources */ = {
			isa = PBXSourcesBuildPhase;
			buildActionMask = 2147483647;
			files = (
				BC62E9312136A0EE00B1BD0C /* CitiesUITests.swift in Sources */,
			);
			runOnlyForDeploymentPostprocessing = 0;
		};
/* End PBXSourcesBuildPhase section */

/* Begin PBXTargetDependency section */
		BC62E9232136A0EE00B1BD0C /* PBXTargetDependency */ = {
			isa = PBXTargetDependency;
			target = BC62E9092136A0EC00B1BD0C /* CityFinderApp */;
			targetProxy = BC62E9222136A0EE00B1BD0C /* PBXContainerItemProxy */;
		};
		BC62E92E2136A0EE00B1BD0C /* PBXTargetDependency */ = {
			isa = PBXTargetDependency;
			target = BC62E9092136A0EC00B1BD0C /* CityFinderApp */;
			targetProxy = BC62E92D2136A0EE00B1BD0C /* PBXContainerItemProxy */;
		};
/* End PBXTargetDependency section */

/* Begin PBXVariantGroup section */
		BC62E9112136A0EC00B1BD0C /* Main.storyboard */ = {
			isa = PBXVariantGroup;
			children = (
				BC62E9122136A0EC00B1BD0C /* Base */,
			);
			name = Main.storyboard;
			sourceTree = "<group>";
		};
		BC62E9192136A0EE00B1BD0C /* LaunchScreen.storyboard */ = {
			isa = PBXVariantGroup;
			children = (
				BC62E91A2136A0EE00B1BD0C /* Base */,
			);
			name = LaunchScreen.storyboard;
			sourceTree = "<group>";
		};
/* End PBXVariantGroup section */

/* Begin XCBuildConfiguration section */
		BC62E9332136A0EE00B1BD0C /* Debug */ = {
			isa = XCBuildConfiguration;
			buildSettings = {
				ALWAYS_SEARCH_USER_PATHS = NO;
				CLANG_ANALYZER_NONNULL = YES;
				CLANG_ANALYZER_NUMBER_OBJECT_CONVERSION = YES_AGGRESSIVE;
				CLANG_CXX_LANGUAGE_STANDARD = "gnu++14";
				CLANG_CXX_LIBRARY = "libc++";
				CLANG_ENABLE_MODULES = YES;
				CLANG_ENABLE_OBJC_ARC = YES;
				CLANG_ENABLE_OBJC_WEAK = YES;
				CLANG_WARN_BLOCK_CAPTURE_AUTORELEASING = YES;
				CLANG_WARN_BOOL_CONVERSION = YES;
				CLANG_WARN_COMMA = YES;
				CLANG_WARN_CONSTANT_CONVERSION = YES;
				CLANG_WARN_DEPRECATED_OBJC_IMPLEMENTATIONS = YES;
				CLANG_WARN_DIRECT_OBJC_ISA_USAGE = YES_ERROR;
				CLANG_WARN_DOCUMENTATION_COMMENTS = YES;
				CLANG_WARN_EMPTY_BODY = YES;
				CLANG_WARN_ENUM_CONVERSION = YES;
				CLANG_WARN_INFINITE_RECURSION = YES;
				CLANG_WARN_INT_CONVERSION = YES;
				CLANG_WARN_NON_LITERAL_NULL_CONVERSION = YES;
				CLANG_WARN_OBJC_IMPLICIT_RETAIN_SELF = YES;
				CLANG_WARN_OBJC_LITERAL_CONVERSION = YES;
				CLANG_WARN_OBJC_ROOT_CLASS = YES_ERROR;
				CLANG_WARN_RANGE_LOOP_ANALYSIS = YES;
				CLANG_WARN_STRICT_PROTOTYPES = YES;
				CLANG_WARN_SUSPICIOUS_MOVE = YES;
				CLANG_WARN_UNGUARDED_AVAILABILITY = YES_AGGRESSIVE;
				CLANG_WARN_UNREACHABLE_CODE = YES;
				CLANG_WARN__DUPLICATE_METHOD_MATCH = YES;
				CODE_SIGN_IDENTITY = "iPhone Developer";
				COPY_PHASE_STRIP = NO;
				DEBUG_INFORMATION_FORMAT = dwarf;
				ENABLE_STRICT_OBJC_MSGSEND = YES;
				ENABLE_TESTABILITY = YES;
				GCC_C_LANGUAGE_STANDARD = gnu11;
				GCC_DYNAMIC_NO_PIC = NO;
				GCC_NO_COMMON_BLOCKS = YES;
				GCC_OPTIMIZATION_LEVEL = 0;
				GCC_PREPROCESSOR_DEFINITIONS = (
					"DEBUG=1",
					"$(inherited)",
				);
				GCC_WARN_64_TO_32_BIT_CONVERSION = YES;
				GCC_WARN_ABOUT_RETURN_TYPE = YES_ERROR;
				GCC_WARN_UNDECLARED_SELECTOR = YES;
				GCC_WARN_UNINITIALIZED_AUTOS = YES_AGGRESSIVE;
				GCC_WARN_UNUSED_FUNCTION = YES;
				GCC_WARN_UNUSED_VARIABLE = YES;
				IPHONEOS_DEPLOYMENT_TARGET = 11.3;
				MTL_ENABLE_DEBUG_INFO = YES;
				ONLY_ACTIVE_ARCH = YES;
				SDKROOT = iphoneos;
				SWIFT_ACTIVE_COMPILATION_CONDITIONS = DEBUG;
				SWIFT_OPTIMIZATION_LEVEL = "-Onone";
			};
			name = Debug;
		};
		BC62E9342136A0EE00B1BD0C /* Release */ = {
			isa = XCBuildConfiguration;
			buildSettings = {
				ALWAYS_SEARCH_USER_PATHS = NO;
				CLANG_ANALYZER_NONNULL = YES;
				CLANG_ANALYZER_NUMBER_OBJECT_CONVERSION = YES_AGGRESSIVE;
				CLANG_CXX_LANGUAGE_STANDARD = "gnu++14";
				CLANG_CXX_LIBRARY = "libc++";
				CLANG_ENABLE_MODULES = YES;
				CLANG_ENABLE_OBJC_ARC = YES;
				CLANG_ENABLE_OBJC_WEAK = YES;
				CLANG_WARN_BLOCK_CAPTURE_AUTORELEASING = YES;
				CLANG_WARN_BOOL_CONVERSION = YES;
				CLANG_WARN_COMMA = YES;
				CLANG_WARN_CONSTANT_CONVERSION = YES;
				CLANG_WARN_DEPRECATED_OBJC_IMPLEMENTATIONS = YES;
				CLANG_WARN_DIRECT_OBJC_ISA_USAGE = YES_ERROR;
				CLANG_WARN_DOCUMENTATION_COMMENTS = YES;
				CLANG_WARN_EMPTY_BODY = YES;
				CLANG_WARN_ENUM_CONVERSION = YES;
				CLANG_WARN_INFINITE_RECURSION = YES;
				CLANG_WARN_INT_CONVERSION = YES;
				CLANG_WARN_NON_LITERAL_NULL_CONVERSION = YES;
				CLANG_WARN_OBJC_IMPLICIT_RETAIN_SELF = YES;
				CLANG_WARN_OBJC_LITERAL_CONVERSION = YES;
				CLANG_WARN_OBJC_ROOT_CLASS = YES_ERROR;
				CLANG_WARN_RANGE_LOOP_ANALYSIS = YES;
				CLANG_WARN_STRICT_PROTOTYPES = YES;
				CLANG_WARN_SUSPICIOUS_MOVE = YES;
				CLANG_WARN_UNGUARDED_AVAILABILITY = YES_AGGRESSIVE;
				CLANG_WARN_UNREACHABLE_CODE = YES;
				CLANG_WARN__DUPLICATE_METHOD_MATCH = YES;
				CODE_SIGN_IDENTITY = "iPhone Developer";
				COPY_PHASE_STRIP = NO;
				DEBUG_INFORMATION_FORMAT = "dwarf-with-dsym";
				ENABLE_NS_ASSERTIONS = NO;
				ENABLE_STRICT_OBJC_MSGSEND = YES;
				GCC_C_LANGUAGE_STANDARD = gnu11;
				GCC_NO_COMMON_BLOCKS = YES;
				GCC_WARN_64_TO_32_BIT_CONVERSION = YES;
				GCC_WARN_ABOUT_RETURN_TYPE = YES_ERROR;
				GCC_WARN_UNDECLARED_SELECTOR = YES;
				GCC_WARN_UNINITIALIZED_AUTOS = YES_AGGRESSIVE;
				GCC_WARN_UNUSED_FUNCTION = YES;
				GCC_WARN_UNUSED_VARIABLE = YES;
				IPHONEOS_DEPLOYMENT_TARGET = 11.3;
				MTL_ENABLE_DEBUG_INFO = NO;
				SDKROOT = iphoneos;
				SWIFT_COMPILATION_MODE = wholemodule;
				SWIFT_OPTIMIZATION_LEVEL = "-O";
				VALIDATE_PRODUCT = YES;
			};
			name = Release;
		};
		BC62E9362136A0EE00B1BD0C /* Debug */ = {
			isa = XCBuildConfiguration;
			baseConfigurationReference = ED1BE66CAACAD3A98B609233 /* Pods-CityFinderApp.debug.xcconfig */;
			buildSettings = {
				ASSETCATALOG_COMPILER_APPICON_NAME = AppIcon;
				CODE_SIGN_STYLE = Automatic;
				DEVELOPMENT_TEAM = DF54KVHWKT;
				INFOPLIST_FILE = CityFinderApp/Info.plist;
				IPHONEOS_DEPLOYMENT_TARGET = 11.0;
				LD_RUNPATH_SEARCH_PATHS = (
					"$(inherited)",
					"@executable_path/Frameworks",
				);
				PRODUCT_BUNDLE_IDENTIFIER = com.CityFinder;
				PRODUCT_NAME = "$(TARGET_NAME)";
				SWIFT_INSTALL_OBJC_HEADER = NO;
				SWIFT_OBJC_BRIDGING_HEADER = "";
				SWIFT_VERSION = 4.0;
				TARGETED_DEVICE_FAMILY = 1;
			};
			name = Debug;
		};
		BC62E9372136A0EE00B1BD0C /* Release */ = {
			isa = XCBuildConfiguration;
			baseConfigurationReference = 2312981A5744CE29B30C9DE1 /* Pods-CityFinderApp.release.xcconfig */;
			buildSettings = {
				ASSETCATALOG_COMPILER_APPICON_NAME = AppIcon;
				CODE_SIGN_STYLE = Automatic;
				DEVELOPMENT_TEAM = DF54KVHWKT;
				INFOPLIST_FILE = CityFinderApp/Info.plist;
				IPHONEOS_DEPLOYMENT_TARGET = 11.0;
				LD_RUNPATH_SEARCH_PATHS = (
					"$(inherited)",
					"@executable_path/Frameworks",
				);
				PRODUCT_BUNDLE_IDENTIFIER = com.CityFinder;
				PRODUCT_NAME = "$(TARGET_NAME)";
				SWIFT_INSTALL_OBJC_HEADER = NO;
				SWIFT_OBJC_BRIDGING_HEADER = "";
				SWIFT_VERSION = 4.0;
				TARGETED_DEVICE_FAMILY = 1;
			};
			name = Release;
		};
		BC62E9392136A0EE00B1BD0C /* Debug */ = {
			isa = XCBuildConfiguration;
			baseConfigurationReference = 7D5EE86EBD6DDC6560602D74 /* Pods-CityFinderAppTests.debug.xcconfig */;
			buildSettings = {
				ALWAYS_EMBED_SWIFT_STANDARD_LIBRARIES = YES;
				BUNDLE_LOADER = "$(TEST_HOST)";
				CODE_SIGN_STYLE = Automatic;
				INFOPLIST_FILE = CitiesTests/Info.plist;
				LD_RUNPATH_SEARCH_PATHS = (
					"$(inherited)",
					"@executable_path/Frameworks",
					"@loader_path/Frameworks",
				);
				PRODUCT_BUNDLE_IDENTIFIER = com.CitiesTests;
				PRODUCT_NAME = "$(TARGET_NAME)";
				SWIFT_VERSION = 4.0;
				TARGETED_DEVICE_FAMILY = "1,2";
				TEST_HOST = "$(BUILT_PRODUCTS_DIR)/CityFinderApp.app/CityFinderApp";
			};
			name = Debug;
		};
		BC62E93A2136A0EE00B1BD0C /* Release */ = {
			isa = XCBuildConfiguration;
			baseConfigurationReference = 8C22FCB76C4E9364C52962C0 /* Pods-CityFinderAppTests.release.xcconfig */;
			buildSettings = {
				ALWAYS_EMBED_SWIFT_STANDARD_LIBRARIES = YES;
				BUNDLE_LOADER = "$(TEST_HOST)";
				CODE_SIGN_STYLE = Automatic;
				INFOPLIST_FILE = CitiesTests/Info.plist;
				LD_RUNPATH_SEARCH_PATHS = (
					"$(inherited)",
					"@executable_path/Frameworks",
					"@loader_path/Frameworks",
				);
				PRODUCT_BUNDLE_IDENTIFIER = com.CitiesTests;
				PRODUCT_NAME = "$(TARGET_NAME)";
				SWIFT_VERSION = 4.0;
				TARGETED_DEVICE_FAMILY = "1,2";
				TEST_HOST = "$(BUILT_PRODUCTS_DIR)/CityFinderApp.app/CityFinderApp";
			};
			name = Release;
		};
		BC62E93C2136A0EE00B1BD0C /* Debug */ = {
			isa = XCBuildConfiguration;
			baseConfigurationReference = 7E38244BF7056DED8645378D /* Pods-CityFinderAppUITests.debug.xcconfig */;
			buildSettings = {
				ALWAYS_EMBED_SWIFT_STANDARD_LIBRARIES = YES;
				CODE_SIGN_STYLE = Automatic;
				INFOPLIST_FILE = CitiesUITests/Info.plist;
				LD_RUNPATH_SEARCH_PATHS = (
					"$(inherited)",
					"@executable_path/Frameworks",
					"@loader_path/Frameworks",
				);
				PRODUCT_BUNDLE_IDENTIFIER = com.CitiesUITests;
				PRODUCT_NAME = "$(TARGET_NAME)";
				SWIFT_VERSION = 4.0;
				TARGETED_DEVICE_FAMILY = "1,2";
				TEST_TARGET_NAME = Cities;
			};
			name = Debug;
		};
		BC62E93D2136A0EE00B1BD0C /* Release */ = {
			isa = XCBuildConfiguration;
			baseConfigurationReference = F137F85FBB94208804D2CC93 /* Pods-CityFinderAppUITests.release.xcconfig */;
			buildSettings = {
				ALWAYS_EMBED_SWIFT_STANDARD_LIBRARIES = YES;
				CODE_SIGN_STYLE = Automatic;
				INFOPLIST_FILE = CitiesUITests/Info.plist;
				LD_RUNPATH_SEARCH_PATHS = (
					"$(inherited)",
					"@executable_path/Frameworks",
					"@loader_path/Frameworks",
				);
				PRODUCT_BUNDLE_IDENTIFIER = com.CitiesUITests;
				PRODUCT_NAME = "$(TARGET_NAME)";
				SWIFT_VERSION = 4.0;
				TARGETED_DEVICE_FAMILY = "1,2";
				TEST_TARGET_NAME = Cities;
			};
			name = Release;
		};
/* End XCBuildConfiguration section */

/* Begin XCConfigurationList section */
		BC62E9052136A0EC00B1BD0C /* Build configuration list for PBXProject "CityFinderApp" */ = {
			isa = XCConfigurationList;
			buildConfigurations = (
				BC62E9332136A0EE00B1BD0C /* Debug */,
				BC62E9342136A0EE00B1BD0C /* Release */,
			);
			defaultConfigurationIsVisible = 0;
			defaultConfigurationName = Release;
		};
		BC62E9352136A0EE00B1BD0C /* Build configuration list for PBXNativeTarget "CityFinderApp" */ = {
			isa = XCConfigurationList;
			buildConfigurations = (
				BC62E9362136A0EE00B1BD0C /* Debug */,
				BC62E9372136A0EE00B1BD0C /* Release */,
			);
			defaultConfigurationIsVisible = 0;
			defaultConfigurationName = Release;
		};
		BC62E9382136A0EE00B1BD0C /* Build configuration list for PBXNativeTarget "CityFinderAppTests" */ = {
			isa = XCConfigurationList;
			buildConfigurations = (
				BC62E9392136A0EE00B1BD0C /* Debug */,
				BC62E93A2136A0EE00B1BD0C /* Release */,
			);
			defaultConfigurationIsVisible = 0;
			defaultConfigurationName = Release;
		};
		BC62E93B2136A0EE00B1BD0C /* Build configuration list for PBXNativeTarget "CityFinderAppUITests" */ = {
			isa = XCConfigurationList;
			buildConfigurations = (
				BC62E93C2136A0EE00B1BD0C /* Debug */,
				BC62E93D2136A0EE00B1BD0C /* Release */,
			);
			defaultConfigurationIsVisible = 0;
			defaultConfigurationName = Release;
		};
/* End XCConfigurationList section */

/* Begin XCVersionGroup section */
		BC62E9142136A0EC00B1BD0C /* Cities.xcdatamodeld */ = {
			isa = XCVersionGroup;
			children = (
				BC62E9152136A0EC00B1BD0C /* Cities.xcdatamodel */,
			);
			currentVersion = BC62E9152136A0EC00B1BD0C /* Cities.xcdatamodel */;
			path = Cities.xcdatamodeld;
			sourceTree = "<group>";
			versionGroupType = wrapper.xcdatamodel;
		};
/* End XCVersionGroup section */
	};
	rootObject = BC62E9022136A0EC00B1BD0C /* Project object */;
}
